Microsoft Visual Studio Solution File, Format Version 12.00
# Visual Studio Version 17
VisualStudioVersion = 17.0.31903.59
MinimumVisualStudioVersion = 17.0.31903.59
Project("{FAE04EC0-301F-11D3-BF4B-00C04F79EFBC}") = "HCG.FondoRevolvente.Domain", "src\HCG.FondoRevolvente.Domain\HCG.FondoRevolvente.Domain.csproj", "{3D91B8E7-219E-4F2C-8E7C-1C2A3B4C5D6E}"
EndProject
Project("{FAE04EC0-301F-11D3-BF4B-00C04F79EFBC}") = "HCG.FondoRevolvente.Application", "src\HCG.FondoRevolvente.Application\HCG.FondoRevolvente.Application.csproj", "{4E02C9F8-32A1-5G3D-9F8D-2D3B4C5D6E7F}"
EndProject
Project("{FAE04EC0-301F-11D3-BF4B-00C04F79EFBC}") = "HCG.FondoRevolvente.Infrastructure", "src\HCG.FondoRevolvente.Infrastructure\HCG.FondoRevolvente.Infrastructure.csproj", "{5F13DA09-43B2-6H4E-A09E-3E4C5D6E7F8A}"
EndProject
Project("{FAE04EC0-301F-11D3-BF4B-00C04F79EFBC}") = "HCG.FondoRevolvente.Persistence", "src\HCG.FondoRevolvente.Persistence\HCG.FondoRevolvente.Persistence.csproj", "{6A24EB1A-54C3-7I5F-B1AF-4F5D6E7F8A9B}"
EndProject
Project("{FAE04EC0-301F-11D3-BF4B-00C04F79EFBC}") = "HCG.FondoRevolvente.Api", "src\HCG.FondoRevolvente.Api\HCG.FondoRevolvente.Api.csproj", "{7B35FC2B-65D4-8J6G-C2BG-5G6E7F8A9BAC}"
EndProject
Project("{FAE04EC0-301F-11D3-BF4B-00C04F79EFBC}") = "HCG.FondoRevolvente.Client", "src\HCG.FondoRevolvente.Client\HCG.FondoRevolvente.Client.csproj", "{8C46GD3C-76E5-9K7H-D3CH-6H7F8A9BABCD}"
EndProject
Global
	GlobalSection(SolutionConfigurationPlatforms) = preSolution
		Debug|Any CPU = Debug|Any CPU
		Release|Any CPU = Release|Any CPU
	EndGlobalSection
	GlobalSection(ProjectConfigurationPlatforms) = postSolution
		{3D91B8E7-219E-4F2C-8E7C-1C2A3B4C5D6E}.Debug|Any CPU.ActiveCfg = Debug|Any CPU
		{3D91B8E7-219E-4F2C-8E7C-1C2A3B4C5D6E}.Debug|Any CPU.Build.0 = Debug|Any CPU
		{3D91B8E7-219E-4F2C-8E7C-1C2A3B4C5D6E}.Release|Any CPU.ActiveCfg = Release|Any CPU
		{3D91B8E7-219E-4F2C-8E7C-1C2A3B4C5D6E}.Release|Any CPU.Build.0 = Release|Any CPU
		{4E02C9F8-32A1-5G3D-9F8D-2D3B4C5D6E7F}.Debug|Any CPU.ActiveCfg = Debug|Any CPU
		{4E02C9F8-32A1-5G3D-9F8D-2D3B4C5D6E7F}.Debug|Any CPU.Build.0 = Debug|Any CPU
		{4E02C9F8-32A1-5G3D-9F8D-2D3B4C5D6E7F}.Release|Any CPU.ActiveCfg = Release|Any CPU
		{4E02C9F8-32A1-5G3D-9F8D-2D3B4C5D6E7F}.Release|Any CPU.Build.0 = Release|Any CPU
		{5F13DA09-43B2-6H4E-A09E-3E4C5D6E7F8A}.Debug|Any CPU.ActiveCfg = Debug|Any CPU
		{5F13DA09-43B2-6H4E-A09E-3E4C5D6E7F8A}.Debug|Any CPU.Build.0 = Debug|Any CPU
		{5F13DA09-43B2-6H4E-A09E-3E4C5D6E7F8A}.Release|Any CPU.ActiveCfg = Release|Any CPU
		{5F13DA09-43B2-6H4E-A09E-3E4C5D6E7F8A}.Release|Any CPU.Build.0 = Release|Any CPU
		{6A24EB1A-54C3-7I5F-B1AF-4F5D6E7F8A9B}.Debug|Any CPU.ActiveCfg = Debug|Any CPU
		{6A24EB1A-54C3-7I5F-B1AF-4F5D6E7F8A9B}.Debug|Any CPU.Build.0 = Debug|Any CPU
		{6A24EB1A-54C3-7I5F-B1AF-4F5D6E7F8A9B}.Release|Any CPU.ActiveCfg = Release|Any CPU
		{6A24EB1A-54C3-7I5F-B1AF-4F5D6E7F8A9B}.Release|Any CPU.Build.0 = Release|Any CPU
		{7B35FC2B-65D4-8J6G-C2BG-5G6E7F8A9BAC}.Debug|Any CPU.ActiveCfg = Debug|Any CPU
		{7B35FC2B-65D4-8J6G-C2BG-5G6E7F8A9BAC}.Debug|Any CPU.Build.0 = Debug|Any CPU
		{7B35FC2B-65D4-8J6G-C2BG-5G6E7F8A9BAC}.Release|Any CPU.ActiveCfg = Release|Any CPU
		{7B35FC2B-65D4-8J6G-C2BG-5G6E7F8A9BAC}.Release|Any CPU.Build.0 = Release|Any CPU
		{8C46GD3C-76E5-9K7H-D3CH-6H7F8A9BABCD}.Debug|Any CPU.ActiveCfg = Debug|Any CPU
		{8C46GD3C-76E5-9K7H-D3CH-6H7F8A9BABCD}.Debug|Any CPU.Build.0 = Debug|Any CPU
		{8C46GD3C-76E5-9K7H-D3CH-6H7F8A9BABCD}.Release|Any CPU.ActiveCfg = Release|Any CPU
		{8C46GD3C-76E5-9K7H-D3CH-6H7F8A9BABCD}.Release|Any CPU.Build.0 = Release|Any CPU
	EndGlobalSection
	GlobalSection(SolutionProperties) = preSolution
		HideSolutionNode = FALSE
	EndGlobalSection
EndGlobal
